{
  "originHash" : "e8e93c9b07d1c8ef3f46e9ac91b289e890c43815de22102d58b226b601ede21c",
  "pins" : [
    {
      "identity" : "jsonschemavalidation",
      "kind" : "remoteSourceControl",
      "location" : "https://github.com/dashpay/JSONSchemaValidation.git",
      "state" : {
        "revision" : "3b752520a969288702e987f3c9bfb3601aa2d720",
        "version" : "2.0.7"
      }
    },
    {
      "identity" : "mqttclient",
      "kind" : "remoteSourceControl",
      "location" : "git@github.com:ckrey/MQTTClient.git",
      "state" : {
        "branch" : "main",
        "revision" : "67bf783154447ec8f1c69db8f1fcfa57fe0b1248"
      }
    },
    {
      "identity" : "swift-sodium",
      "kind" : "remoteSourceControl",
      "location" : "https://github.com/jedisct1/swift-sodium.git",
      "state" : {
        "revision" : "e7e799cd1eaa4d0f6d3eab56832e7f4b377f4a4f",
        "version" : "0.10.0"
      }
    }
  ],
  "version" : 3
}
