PODS:
  - CocoaLumberjack (3.9.0):
    - CocoaLumberjack/Core (= 3.9.0)
  - CocoaLumberjack/Core (3.9.0)
  - mqttc/MinL (26.0.0):
    - CocoaLumberjack

DEPENDENCIES:
  - CocoaLumberjack
  - mqttc/MinL (from `~/mqttc`)

SPEC REPOS:
  https://github.com/CocoaPods/Specs.git:
    - CocoaLumberjack

EXTERNAL SOURCES:
  mqttc:
    :path: "~/mqttc"

SPEC CHECKSUMS:
  CocoaLumberjack: 5644158777912b7de7469fa881f8a3f259c2512a
  mqttc: 19b57d2b680396670fb01e8febf37b9bde99a9d8

PODFILE CHECKSUM: f70f2e43c2de5440394c002ce76bd49fcd3472f0

COCOAPODS: 1.16.2
